
Microsoft Visual Studio Solution File, Format Version 12.00
# Visual Studio Version 17
VisualStudioVersion = 17.11.35303.130
MinimumVisualStudioVersion = 10.0.40219.1
Project("{FAE04EC0-301F-11D3-BF4B-00C04F79EFBC}") = "LongPollingExample", "LongPollingExample\LongPollingExample.csproj", "{42F49F06-90A8-4804-90A2-C5D5E4D2708D}"
EndProject
Global
	GlobalSection(SolutionConfigurationPlatforms) = preSolution
		Debug|Any CPU = Debug|Any CPU
		Release|Any CPU = Release|Any CPU
	EndGlobalSection
	GlobalSection(ProjectConfigurationPlatforms) = postSolution
		{42F49F06-90A8-4804-90A2-C5D5E4D2708D}.Debug|Any CPU.ActiveCfg = Debug|Any CPU
		{42F49F06-90A8-4804-90A2-C5D5E4D2708D}.Debug|Any CPU.Build.0 = Debug|Any CPU
		{42F49F06-90A8-4804-90A2-C5D5E4D2708D}.Release|Any CPU.ActiveCfg = Release|Any CPU
		{42F49F06-90A8-4804-90A2-C5D5E4D2708D}.Release|Any CPU.Build.0 = Release|Any CPU
	EndGlobalSection
	GlobalSection(SolutionProperties) = preSolution
		HideSolutionNode = FALSE
	EndGlobalSection
	GlobalSection(ExtensibilityGlobals) = postSolution
		SolutionGuid = {EA744D6A-528A-4F17-BABC-2FD57F9B8809}
	EndGlobalSection
EndGlobal
